
Microsoft Visual Studio Solution File, Format Version 12.00
# Visual Studio Version 17
VisualStudioVersion = 17.11.35431.28
MinimumVisualStudioVersion = 10.0.40219.1
Project("{FAE04EC0-301F-11D3-BF4B-00C04F79EFBC}") = "Template2", "Template2\Template2.csproj", "{0886D974-CD1C-401E-880F-280CB7F924D9}"
EndProject
Project("{FAE04EC0-301F-11D3-BF4B-00C04F79EFBC}") = "Template2.Client", "Template2.Client\Template2.Client.csproj", "{0231A160-142A-401D-8882-C21C994D0C2D}"
EndProject
Global
	GlobalSection(SolutionConfigurationPlatforms) = preSolution
		Debug|Any CPU = Debug|Any CPU
		Release|Any CPU = Release|Any CPU
	EndGlobalSection
	GlobalSection(ProjectConfigurationPlatforms) = postSolution
		{0886D974-CD1C-401E-880F-280CB7F924D9}.Debug|Any CPU.ActiveCfg = Debug|Any CPU
		{0886D974-CD1C-401E-880F-280CB7F924D9}.Debug|Any CPU.Build.0 = Debug|Any CPU
		{0886D974-CD1C-401E-880F-280CB7F924D9}.Release|Any CPU.ActiveCfg = Release|Any CPU
		{0886D974-CD1C-401E-880F-280CB7F924D9}.Release|Any CPU.Build.0 = Release|Any CPU
		{0231A160-142A-401D-8882-C21C994D0C2D}.Debug|Any CPU.ActiveCfg = Debug|Any CPU
		{0231A160-142A-401D-8882-C21C994D0C2D}.Debug|Any CPU.Build.0 = Debug|Any CPU
		{0231A160-142A-401D-8882-C21C994D0C2D}.Release|Any CPU.ActiveCfg = Release|Any CPU
		{0231A160-142A-401D-8882-C21C994D0C2D}.Release|Any CPU.Build.0 = Release|Any CPU
	EndGlobalSection
	GlobalSection(SolutionProperties) = preSolution
		HideSolutionNode = FALSE
	EndGlobalSection
	GlobalSection(ExtensibilityGlobals) = postSolution
		SolutionGuid = {8CBDD3B1-0535-48D2-8CF2-A2AB540CFA38}
	EndGlobalSection
EndGlobal
